
Microsoft Visual Studio Solution File, Format Version 12.00
# Visual Studio 15
VisualStudioVersion = 15.0.28307.329
MinimumVisualStudioVersion = 10.0.40219.1
Project("{FAE04EC0-301F-11D3-BF4B-00C04F79EFBC}") = "Lesson-6", "Lesson-6\Lesson-6.csproj", "{B7BBEDAE-4996-4551-A3C5-6FE3564175C2}"
EndProject
Global
	GlobalSection(SolutionConfigurationPlatforms) = preSolution
		Debug|Any CPU = Debug|Any CPU
		Release|Any CPU = Release|Any CPU
	EndGlobalSection
	GlobalSection(ProjectConfigurationPlatforms) = postSolution
		{B7BBEDAE-4996-4551-A3C5-6FE3564175C2}.Debug|Any CPU.ActiveCfg = Debug|Any CPU
		{B7BBEDAE-4996-4551-A3C5-6FE3564175C2}.Debug|Any CPU.Build.0 = Debug|Any CPU
		{B7BBEDAE-4996-4551-A3C5-6FE3564175C2}.Release|Any CPU.ActiveCfg = Release|Any CPU
		{B7BBEDAE-4996-4551-A3C5-6FE3564175C2}.Release|Any CPU.Build.0 = Release|Any CPU
	EndGlobalSection
	GlobalSection(SolutionProperties) = preSolution
		HideSolutionNode = FALSE
	EndGlobalSection
	GlobalSection(ExtensibilityGlobals) = postSolution
		SolutionGuid = {838FF29E-AC41-43F6-AE35-5CF8C06B71DD}
	EndGlobalSection
EndGlobal
